# This file is automatically @generated by Cargo.
# It is not intended for manual editing.
version = 4

[[package]]
name = "common"
version = "0.1.0"

[[package]]
name = "gpt"
version = "0.1.0"

[[package]]
name = "gpt2"
version = "0.1.0"

[[package]]
name = "makemore"
version = "0.1.0"

[[package]]
name = "micrograd"
version = "0.1.0"
